// !$*UTF8*$!
{
	archiveVersion = 1;
	classes = {
	};
	objectVersion = 48;
	objects = {

/* Begin PBXBuildFile section */
		24E4ADDF2B93ED687CFECA86 /* Pods_Random_Quotes.framework in Frameworks */ = {isa = PBXBuildFile; fileRef = 18F982189024F313B288D10F /* Pods_Random_Quotes.framework */; };
		2EAFBA4D2073E0EC00270443 /* AppDelegate.swift in Sources */ = {isa = PBXBuildFile; fileRef = 2EAFBA4C2073E0EC00270443 /* AppDelegate.swift */; };
		2EAFBA4F2073E0EC00270443 /* ViewController.swift in Sources */ = {isa = PBXBuildFile; fileRef = 2EAFBA4E2073E0EC00270443 /* ViewController.swift */; };
		2EAFBA522073E0EC00270443 /* Main.storyboard in Resources */ = {isa = PBXBuildFile; fileRef = 2EAFBA502073E0EC00270443 /* Main.storyboard */; };
		2EAFBA542073E0EC00270443 /* Assets.xcassets in Resources */ = {isa = PBXBuildFile; fileRef = 2EAFBA532073E0EC00270443 /* Assets.xcassets */; };
		2EAFBA572073E0EC00270443 /* LaunchScreen.storyboard in Resources */ = {isa = PBXBuildFile; fileRef = 2EAFBA552073E0EC00270443 /* LaunchScreen.storyboard */; };
		2EAFBA5F2073E14300270443 /* QuotesCollectionViewController.swift in Sources */ = {isa = PBXBuildFile; fileRef = 2EAFBA5E2073E14300270443 /* QuotesCollectionViewController.swift */; };
		2EAFBA612073E15B00270443 /* QuoteCollectionViewCell.swift in Sources */ = {isa = PBXBuildFile; fileRef = 2EAFBA602073E15B00270443 /* QuoteCollectionViewCell.swift */; };
/* End PBXBuildFile section */

/* Begin PBXFileReference section */
		18F982189024F313B288D10F /* Pods_Random_Quotes.framework */ = {isa = PBXFileReference; explicitFileType = wrapper.framework; includeInIndex = 0; path = Pods_Random_Quotes.framework; sourceTree = BUILT_PRODUCTS_DIR; };
		2EAFBA492073E0EC00270443 /* Random Quotes.app */ = {isa = PBXFileReference; explicitFileType = wrapper.application; includeInIndex = 0; path = "Random Quotes.app"; sourceTree = BUILT_PRODUCTS_DIR; };
		2EAFBA4C2073E0EC00270443 /* AppDelegate.swift */ = {isa = PBXFileReference; lastKnownFileType = sourcecode.swift; path = AppDelegate.swift; sourceTree = "<group>"; };
		2EAFBA4E2073E0EC00270443 /* ViewController.swift */ = {isa = PBXFileReference; lastKnownFileType = sourcecode.swift; path = ViewController.swift; sourceTree = "<group>"; };
		2EAFBA512073E0EC00270443 /* Base */ = {isa = PBXFileReference; lastKnownFileType = file.storyboard; name = Base; path = Base.lproj/Main.storyboard; sourceTree = "<group>"; };
		2EAFBA532073E0EC00270443 /* Assets.xcassets */ = {isa = PBXFileReference; lastKnownFileType = folder.assetcatalog; path = Assets.xcassets; sourceTree = "<group>"; };
		2EAFBA562073E0EC00270443 /* Base */ = {isa = PBXFileReference; lastKnownFileType = file.storyboard; name = Base; path = Base.lproj/LaunchScreen.storyboard; sourceTree = "<group>"; };
		2EAFBA582073E0EC00270443 /* Info.plist */ = {isa = PBXFileReference; lastKnownFileType = text.plist.xml; path = Info.plist; sourceTree = "<group>"; };
		2EAFBA5E2073E14300270443 /* QuotesCollectionViewController.swift */ = {isa = PBXFileReference; lastKnownFileType = sourcecode.swift; path = QuotesCollectionViewController.swift; sourceTree = "<group>"; };
		2EAFBA602073E15B00270443 /* QuoteCollectionViewCell.swift */ = {isa = PBXFileReference; lastKnownFileType = sourcecode.swift; path = QuoteCollectionViewCell.swift; sourceTree = "<group>"; };
		4A3FF257EA48319002068A7D /* Pods-Random Quotes.debug.xcconfig */ = {isa = PBXFileReference; includeInIndex = 1; lastKnownFileType = text.xcconfig; name = "Pods-Random Quotes.debug.xcconfig"; path = "Pods/Target Support Files/Pods-Random Quotes/Pods-Random Quotes.debug.xcconfig"; sourceTree = "<group>"; };
		C4B707BC87FABCE6967B30D1 /* Pods-Random Quotes.release.xcconfig */ = {isa = PBXFileReference; includeInIndex = 1; lastKnownFileType = text.xcconfig; name = "Pods-Random Quotes.release.xcconfig"; path = "Pods/Target Support Files/Pods-Random Quotes/Pods-Random Quotes.release.xcconfig"; sourceTree = "<group>"; };
/* End PBXFileReference section */

/* Begin PBXFrameworksBuildPhase section */
		2EAFBA462073E0EC00270443 /* Frameworks */ = {
			isa = PBXFrameworksBuildPhase;
			buildActionMask = 2147483647;
			files = (
				24E4ADDF2B93ED687CFECA86 /* Pods_Random_Quotes.framework in Frameworks */,
			);
			runOnlyForDeploymentPostprocessing = 0;
		};
/* End PBXFrameworksBuildPhase section */

/* Begin PBXGroup section */
		2EAFBA402073E0EB00270443 = {
			isa = PBXGroup;
			children = (
				2EAFBA4B2073E0EC00270443 /* Random Quotes */,
				2EAFBA4A2073E0EC00270443 /* Products */,
				C90EDFA5B328E3E7C8E1B221 /* Pods */,
				34E2DBD9A52A509A13196271 /* Frameworks */,
			);
			sourceTree = "<group>";
		};
		2EAFBA4A2073E0EC00270443 /* Products */ = {
			isa = PBXGroup;
			children = (
				2EAFBA492073E0EC00270443 /* Random Quotes.app */,
			);
			name = Products;
			sourceTree = "<group>";
		};
		2EAFBA4B2073E0EC00270443 /* Random Quotes */ = {
			isa = PBXGroup;
			children = (
				2EAFBA632073E17900270443 /* View */,
				2EAFBA622073E16B00270443 /* Controllers */,
				2EAFBA4C2073E0EC00270443 /* AppDelegate.swift */,
				2EAFBA502073E0EC00270443 /* Main.storyboard */,
				2EAFBA532073E0EC00270443 /* Assets.xcassets */,
				2EAFBA552073E0EC00270443 /* LaunchScreen.storyboard */,
				2EAFBA582073E0EC00270443 /* Info.plist */,
			);
			path = "Random Quotes";
			sourceTree = "<group>";
		};
		2EAFBA622073E16B00270443 /* Controllers */ = {
			isa = PBXGroup;
			children = (
				2EAFBA4E2073E0EC00270443 /* ViewController.swift */,
				2EAFBA5E2073E14300270443 /* QuotesCollectionViewController.swift */,
			);
			path = Controllers;
			sourceTree = "<group>";
		};
		2EAFBA632073E17900270443 /* View */ = {
			isa = PBXGroup;
			children = (
				2EAFBA602073E15B00270443 /* QuoteCollectionViewCell.swift */,
			);
			path = View;
			sourceTree = "<group>";
		};
		34E2DBD9A52A509A13196271 /* Frameworks */ = {
			isa = PBXGroup;
			children = (
				18F982189024F313B288D10F /* Pods_Random_Quotes.framework */,
			);
			name = Frameworks;
			sourceTree = "<group>";
		};
		C90EDFA5B328E3E7C8E1B221 /* Pods */ = {
			isa = PBXGroup;
			children = (
				4A3FF257EA48319002068A7D /* Pods-Random Quotes.debug.xcconfig */,
				C4B707BC87FABCE6967B30D1 /* Pods-Random Quotes.release.xcconfig */,
			);
			name = Pods;
			sourceTree = "<group>";
		};
/* End PBXGroup section */

/* Begin PBXNativeTarget section */
		2EAFBA482073E0EC00270443 /* Random Quotes */ = {
			isa = PBXNativeTarget;
			buildConfigurationList = 2EAFBA5B2073E0EC00270443 /* Build configuration list for PBXNativeTarget "Random Quotes" */;
			buildPhases = (
				61248715E633691B7823D4DB /* [CP] Check Pods Manifest.lock */,
				2EAFBA452073E0EC00270443 /* Sources */,
				2EAFBA462073E0EC00270443 /* Frameworks */,
				2EAFBA472073E0EC00270443 /* Resources */,
				21D3EBD65BA4599980600530 /* [CP] Embed Pods Frameworks */,
				11A5B186DF98DD8037769664 /* [CP] Copy Pods Resources */,
			);
			buildRules = (
			);
			dependencies = (
			);
			name = "Random Quotes";
			productName = "Random Quotes";
			productReference = 2EAFBA492073E0EC00270443 /* Random Quotes.app */;
			productType = "com.apple.product-type.application";
		};
/* End PBXNativeTarget section */

/* Begin PBXProject section */
		2EAFBA412073E0EB00270443 /* Project object */ = {
			isa = PBXProject;
			attributes = {
				LastSwiftUpdateCheck = 0920;
				LastUpgradeCheck = 0920;
				ORGANIZATIONNAME = "Farid Qanbarov";
				TargetAttributes = {
					2EAFBA482073E0EC00270443 = {
						CreatedOnToolsVersion = 9.2;
						ProvisioningStyle = Automatic;
					};
				};
			};
			buildConfigurationList = 2EAFBA442073E0EB00270443 /* Build configuration list for PBXProject "Random Quotes" */;
			compatibilityVersion = "Xcode 8.0";
			developmentRegion = en;
			hasScannedForEncodings = 0;
			knownRegions = (
				en,
				Base,
			);
			mainGroup = 2EAFBA402073E0EB00270443;
			productRefGroup = 2EAFBA4A2073E0EC00270443 /* Products */;
			projectDirPath = "";
			projectRoot = "";
			targets = (
				2EAFBA482073E0EC00270443 /* Random Quotes */,
			);
		};
/* End PBXProject section */

/* Begin PBXResourcesBuildPhase section */
		2EAFBA472073E0EC00270443 /* Resources */ = {
			isa = PBXResourcesBuildPhase;
			buildActionMask = 2147483647;
			files = (
				2EAFBA572073E0EC00270443 /* LaunchScreen.storyboard in Resources */,
				2EAFBA542073E0EC00270443 /* Assets.xcassets in Resources */,
				2EAFBA522073E0EC00270443 /* Main.storyboard in Resources */,
			);
			runOnlyForDeploymentPostprocessing = 0;
		};
/* End PBXResourcesBuildPhase section */

/* Begin PBXShellScriptBuildPhase section */
		11A5B186DF98DD8037769664 /* [CP] Copy Pods Resources */ = {
			isa = PBXShellScriptBuildPhase;
			buildActionMask = 2147483647;
			files = (
			);
			inputPaths = (
			);
			name = "[CP] Copy Pods Resources";
			outputPaths = (
			);
			runOnlyForDeploymentPostprocessing = 0;
			shellPath = /bin/sh;
			shellScript = "\"${SRCROOT}/Pods/Target Support Files/Pods-Random Quotes/Pods-Random Quotes-resources.sh\"\n";
			showEnvVarsInLog = 0;
		};
		21D3EBD65BA4599980600530 /* [CP] Embed Pods Frameworks */ = {
			isa = PBXShellScriptBuildPhase;
			buildActionMask = 2147483647;
			files = (
			);
			inputPaths = (
				"${SRCROOT}/Pods/Target Support Files/Pods-Random Quotes/Pods-Random Quotes-frameworks.sh",
				"${BUILT_PRODUCTS_DIR}/ChameleonFramework/ChameleonFramework.framework",
			);
			name = "[CP] Embed Pods Frameworks";
			outputPaths = (
				"${TARGET_BUILD_DIR}/${FRAMEWORKS_FOLDER_PATH}/ChameleonFramework.framework",
			);
			runOnlyForDeploymentPostprocessing = 0;
			shellPath = /bin/sh;
			shellScript = "\"${SRCROOT}/Pods/Target Support Files/Pods-Random Quotes/Pods-Random Quotes-frameworks.sh\"\n";
			showEnvVarsInLog = 0;
		};
		61248715E633691B7823D4DB /* [CP] Check Pods Manifest.lock */ = {
			isa = PBXShellScriptBuildPhase;
			buildActionMask = 2147483647;
			files = (
			);
			inputPaths = (
				"${PODS_PODFILE_DIR_PATH}/Podfile.lock",
				"${PODS_ROOT}/Manifest.lock",
			);
			name = "[CP] Check Pods Manifest.lock";
			outputPaths = (
				"$(DERIVED_FILE_DIR)/Pods-Random Quotes-checkManifestLockResult.txt",
			);
			runOnlyForDeploymentPostprocessing = 0;
			shellPath = /bin/sh;
			shellScript = "diff \"${PODS_PODFILE_DIR_PATH}/Podfile.lock\" \"${PODS_ROOT}/Manifest.lock\" > /dev/null\nif [ $? != 0 ] ; then\n    # print error to STDERR\n    echo \"error: The sandbox is not in sync with the Podfile.lock. Run 'pod install' or update your CocoaPods installation.\" >&2\n    exit 1\nfi\n# This output is used by Xcode 'outputs' to avoid re-running this script phase.\necho \"SUCCESS\" > \"${SCRIPT_OUTPUT_FILE_0}\"\n";
			showEnvVarsInLog = 0;
		};
/* End PBXShellScriptBuildPhase section */

/* Begin PBXSourcesBuildPhase section */
		2EAFBA452073E0EC00270443 /* Sources */ = {
			isa = PBXSourcesBuildPhase;
			buildActionMask = 2147483647;
			files = (
				2EAFBA4F2073E0EC00270443 /* ViewController.swift in Sources */,
				2EAFBA612073E15B00270443 /* QuoteCollectionViewCell.swift in Sources */,
				2EAFBA5F2073E14300270443 /* QuotesCollectionViewController.swift in Sources */,
				2EAFBA4D2073E0EC00270443 /* AppDelegate.swift in Sources */,
			);
			runOnlyForDeploymentPostprocessing = 0;
		};
/* End PBXSourcesBuildPhase section */

/* Begin PBXVariantGroup section */
		2EAFBA502073E0EC00270443 /* Main.storyboard */ = {
			isa = PBXVariantGroup;
			children = (
				2EAFBA512073E0EC00270443 /* Base */,
			);
			name = Main.storyboard;
			sourceTree = "<group>";
		};
		2EAFBA552073E0EC00270443 /* LaunchScreen.storyboard */ = {
			isa = PBXVariantGroup;
			children = (
				2EAFBA562073E0EC00270443 /* Base */,
			);
			name = LaunchScreen.storyboard;
			sourceTree = "<group>";
		};
/* End PBXVariantGroup section */

/* Begin XCBuildConfiguration section */
		2EAFBA592073E0EC00270443 /* Debug */ = {
			isa = XCBuildConfiguration;
			buildSettings = {
				ALWAYS_SEARCH_USER_PATHS = NO;
				CLANG_ANALYZER_NONNULL = YES;
				CLANG_ANALYZER_NUMBER_OBJECT_CONVERSION = YES_AGGRESSIVE;
				CLANG_CXX_LANGUAGE_STANDARD = "gnu++14";
				CLANG_CXX_LIBRARY = "libc++";
				CLANG_ENABLE_MODULES = YES;
				CLANG_ENABLE_OBJC_ARC = YES;
				CLANG_WARN_BLOCK_CAPTURE_AUTORELEASING = YES;
				CLANG_WARN_BOOL_CONVERSION = YES;
				CLANG_WARN_COMMA = YES;
				CLANG_WARN_CONSTANT_CONVERSION = YES;
				CLANG_WARN_DIRECT_OBJC_ISA_USAGE = YES_ERROR;
				CLANG_WARN_DOCUMENTATION_COMMENTS = YES;
				CLANG_WARN_EMPTY_BODY = YES;
				CLANG_WARN_ENUM_CONVERSION = YES;
				CLANG_WARN_INFINITE_RECURSION = YES;
				CLANG_WARN_INT_CONVERSION = YES;
				CLANG_WARN_NON_LITERAL_NULL_CONVERSION = YES;
				CLANG_WARN_OBJC_LITERAL_CONVERSION = YES;
				CLANG_WARN_OBJC_ROOT_CLASS = YES_ERROR;
				CLANG_WARN_RANGE_LOOP_ANALYSIS = YES;
				CLANG_WARN_STRICT_PROTOTYPES = YES;
				CLANG_WARN_SUSPICIOUS_MOVE = YES;
				CLANG_WARN_UNGUARDED_AVAILABILITY = YES_AGGRESSIVE;
				CLANG_WARN_UNREACHABLE_CODE = YES;
				CLANG_WARN__DUPLICATE_METHOD_MATCH = YES;
				CODE_SIGN_IDENTITY = "iPhone Developer";
				COPY_PHASE_STRIP = NO;
				DEBUG_INFORMATION_FORMAT = dwarf;
				ENABLE_STRICT_OBJC_MSGSEND = YES;
				ENABLE_TESTABILITY = YES;
				GCC_C_LANGUAGE_STANDARD = gnu11;
				GCC_DYNAMIC_NO_PIC = NO;
				GCC_NO_COMMON_BLOCKS = YES;
				GCC_OPTIMIZATION_LEVEL = 0;
				GCC_PREPROCESSOR_DEFINITIONS = (
					"DEBUG=1",
					"$(inherited)",
				);
				GCC_WARN_64_TO_32_BIT_CONVERSION = YES;
				GCC_WARN_ABOUT_RETURN_TYPE = YES_ERROR;
				GCC_WARN_UNDECLARED_SELECTOR = YES;
				GCC_WARN_UNINITIALIZED_AUTOS = YES_AGGRESSIVE;
				GCC_WARN_UNUSED_FUNCTION = YES;
				GCC_WARN_UNUSED_VARIABLE = YES;
				IPHONEOS_DEPLOYMENT_TARGET = 11.2;
				MTL_ENABLE_DEBUG_INFO = YES;
				ONLY_ACTIVE_ARCH = YES;
				SDKROOT = iphoneos;
				SWIFT_ACTIVE_COMPILATION_CONDITIONS = DEBUG;
				SWIFT_OPTIMIZATION_LEVEL = "-Onone";
			};
			name = Debug;
		};
		2EAFBA5A2073E0EC00270443 /* Release */ = {
			isa = XCBuildConfiguration;
			buildSettings = {
				ALWAYS_SEARCH_USER_PATHS = NO;
				CLANG_ANALYZER_NONNULL = YES;
				CLANG_ANALYZER_NUMBER_OBJECT_CONVERSION = YES_AGGRESSIVE;
				CLANG_CXX_LANGUAGE_STANDARD = "gnu++14";
				CLANG_CXX_LIBRARY = "libc++";
				CLANG_ENABLE_MODULES = YES;
				CLANG_ENABLE_OBJC_ARC = YES;
				CLANG_WARN_BLOCK_CAPTURE_AUTORELEASING = YES;
				CLANG_WARN_BOOL_CONVERSION = YES;
				CLANG_WARN_COMMA = YES;
				CLANG_WARN_CONSTANT_CONVERSION = YES;
				CLANG_WARN_DIRECT_OBJC_ISA_USAGE = YES_ERROR;
				CLANG_WARN_DOCUMENTATION_COMMENTS = YES;
				CLANG_WARN_EMPTY_BODY = YES;
				CLANG_WARN_ENUM_CONVERSION = YES;
				CLANG_WARN_INFINITE_RECURSION = YES;
				CLANG_WARN_INT_CONVERSION = YES;
				CLANG_WARN_NON_LITERAL_NULL_CONVERSION = YES;
				CLANG_WARN_OBJC_LITERAL_CONVERSION = YES;
				CLANG_WARN_OBJC_ROOT_CLASS = YES_ERROR;
				CLANG_WARN_RANGE_LOOP_ANALYSIS = YES;
				CLANG_WARN_STRICT_PROTOTYPES = YES;
				CLANG_WARN_SUSPICIOUS_MOVE = YES;
				CLANG_WARN_UNGUARDED_AVAILABILITY = YES_AGGRESSIVE;
				CLANG_WARN_UNREACHABLE_CODE = YES;
				CLANG_WARN__DUPLICATE_METHOD_MATCH = YES;
				CODE_SIGN_IDENTITY = "iPhone Developer";
				COPY_PHASE_STRIP = NO;
				DEBUG_INFORMATION_FORMAT = "dwarf-with-dsym";
				ENABLE_NS_ASSERTIONS = NO;
				ENABLE_STRICT_OBJC_MSGSEND = YES;
				GCC_C_LANGUAGE_STANDARD = gnu11;
				GCC_NO_COMMON_BLOCKS = YES;
				GCC_WARN_64_TO_32_BIT_CONVERSION = YES;
				GCC_WARN_ABOUT_RETURN_TYPE = YES_ERROR;
				GCC_WARN_UNDECLARED_SELECTOR = YES;
				GCC_WARN_UNINITIALIZED_AUTOS = YES_AGGRESSIVE;
				GCC_WARN_UNUSED_FUNCTION = YES;
				GCC_WARN_UNUSED_VARIABLE = YES;
				IPHONEOS_DEPLOYMENT_TARGET = 11.2;
				MTL_ENABLE_DEBUG_INFO = NO;
				SDKROOT = iphoneos;
				SWIFT_OPTIMIZATION_LEVEL = "-Owholemodule";
				VALIDATE_PRODUCT = YES;
			};
			name = Release;
		};
		2EAFBA5C2073E0EC00270443 /* Debug */ = {
			isa = XCBuildConfiguration;
			baseConfigurationReference = 4A3FF257EA48319002068A7D /* Pods-Random Quotes.debug.xcconfig */;
			buildSettings = {
				ASSETCATALOG_COMPILER_APPICON_NAME = AppIcon;
				CODE_SIGN_STYLE = Automatic;
				DEVELOPMENT_TEAM = 6DV76C8DD5;
				INFOPLIST_FILE = "Random Quotes/Info.plist";
				LD_RUNPATH_SEARCH_PATHS = "$(inherited) @executable_path/Frameworks";
				PRODUCT_BUNDLE_IDENTIFIER = "com.faridganbarli.Random-Quotes";
				PRODUCT_NAME = "$(TARGET_NAME)";
				SWIFT_VERSION = 4.0;
				TARGETED_DEVICE_FAMILY = "1,2";
			};
			name = Debug;
		};
		2EAFBA5D2073E0EC00270443 /* Release */ = {
			isa = XCBuildConfiguration;
			baseConfigurationReference = C4B707BC87FABCE6967B30D1 /* Pods-Random Quotes.release.xcconfig */;
			buildSettings = {
				ASSETCATALOG_COMPILER_APPICON_NAME = AppIcon;
				CODE_SIGN_STYLE = Automatic;
				DEVELOPMENT_TEAM = 6DV76C8DD5;
				INFOPLIST_FILE = "Random Quotes/Info.plist";
				LD_RUNPATH_SEARCH_PATHS = "$(inherited) @executable_path/Frameworks";
				PRODUCT_BUNDLE_IDENTIFIER = "com.faridganbarli.Random-Quotes";
				PRODUCT_NAME = "$(TARGET_NAME)";
				SWIFT_VERSION = 4.0;
				TARGETED_DEVICE_FAMILY = "1,2";
			};
			name = Release;
		};
/* End XCBuildConfiguration section */

/* Begin XCConfigurationList section */
		2EAFBA442073E0EB00270443 /* Build configuration list for PBXProject "Random Quotes" */ = {
			isa = XCConfigurationList;
			buildConfigurations = (
				2EAFBA592073E0EC00270443 /* Debug */,
				2EAFBA5A2073E0EC00270443 /* Release */,
			);
			defaultConfigurationIsVisible = 0;
			defaultConfigurationName = Release;
		};
		2EAFBA5B2073E0EC00270443 /* Build configuration list for PBXNativeTarget "Random Quotes" */ = {
			isa = XCConfigurationList;
			buildConfigurations = (
				2EAFBA5C2073E0EC00270443 /* Debug */,
				2EAFBA5D2073E0EC00270443 /* Release */,
			);
			defaultConfigurationIsVisible = 0;
			defaultConfigurationName = Release;
		};
/* End XCConfigurationList section */
	};
	rootObject = 2EAFBA412073E0EB00270443 /* Project object */;
}
